// !$*UTF8*$!
{
	archiveVersion = 1;
	classes = {
	};
	objectVersion = 55;
	objects = {

/* Begin PBXBuildFile section */
		81D4B58B27EC1D2B00E6C87F /* hw06.cpp in Sources */ = {isa = PBXBuildFile; fileRef = 81D4B58A27EC1D2B00E6C87F /* hw06.cpp */; };
		81D4B59227EC1D8B00E6C87F /* hw06_single.cpp in Sources */ = {isa = PBXBuildFile; fileRef = 81D4B59127EC1D8B00E6C87F /* hw06_single.cpp */; };
		81D4B59527EC1DD300E6C87F /* Noble.cpp in Sources */ = {isa = PBXBuildFile; fileRef = 81D4B59327EC1DD300E6C87F /* Noble.cpp */; };
		81D4B59827EC1DF200E6C87F /* Warrior.cpp in Sources */ = {isa = PBXBuildFile; fileRef = 81D4B59627EC1DF200E6C87F /* Warrior.cpp */; };
/* End PBXBuildFile section */

/* Begin PBXCopyFilesBuildPhase section */
		81D4B58527EC1D2B00E6C87F /* CopyFiles */ = {
			isa = PBXCopyFilesBuildPhase;
			buildActionMask = 2147483647;
			dstPath = /usr/share/man/man1/;
			dstSubfolderSpec = 0;
			files = (
			);
			runOnlyForDeploymentPostprocessing = 1;
		};
/* End PBXCopyFilesBuildPhase section */

/* Begin PBXFileReference section */
		81D4B58727EC1D2B00E6C87F /* hw06 */ = {isa = PBXFileReference; explicitFileType = "compiled.mach-o.executable"; includeInIndex = 0; path = hw06; sourceTree = BUILT_PRODUCTS_DIR; };
		81D4B58A27EC1D2B00E6C87F /* hw06.cpp */ = {isa = PBXFileReference; lastKnownFileType = sourcecode.cpp.cpp; path = hw06.cpp; sourceTree = "<group>"; };
		81D4B59127EC1D8B00E6C87F /* hw06_single.cpp */ = {isa = PBXFileReference; lastKnownFileType = sourcecode.cpp.cpp; path = hw06_single.cpp; sourceTree = "<group>"; };
		81D4B59327EC1DD300E6C87F /* Noble.cpp */ = {isa = PBXFileReference; lastKnownFileType = sourcecode.cpp.cpp; path = Noble.cpp; sourceTree = "<group>"; };
		81D4B59427EC1DD300E6C87F /* Noble.h */ = {isa = PBXFileReference; lastKnownFileType = sourcecode.c.h; path = Noble.h; sourceTree = "<group>"; };
		81D4B59627EC1DF200E6C87F /* Warrior.cpp */ = {isa = PBXFileReference; lastKnownFileType = sourcecode.cpp.cpp; path = Warrior.cpp; sourceTree = "<group>"; };
		81D4B59727EC1DF200E6C87F /* Warrior.h */ = {isa = PBXFileReference; lastKnownFileType = sourcecode.c.h; path = Warrior.h; sourceTree = "<group>"; };
		81D4B59927EC20BF00E6C87F /* output.txt */ = {isa = PBXFileReference; fileEncoding = 4; lastKnownFileType = text; name = output.txt; path = "../../hw06 cyclic association and separate compilation attached files Mar 23, 2022 322 PM/output.txt"; sourceTree = "<group>"; };
/* End PBXFileReference section */

/* Begin PBXFrameworksBuildPhase section */
		81D4B58427EC1D2B00E6C87F /* Frameworks */ = {
			isa = PBXFrameworksBuildPhase;
			buildActionMask = 2147483647;
			files = (
			);
			runOnlyForDeploymentPostprocessing = 0;
		};
/* End PBXFrameworksBuildPhase section */

/* Begin PBXGroup section */
		81D4B57E27EC1D2B00E6C87F = {
			isa = PBXGroup;
			children = (
				81D4B58927EC1D2B00E6C87F /* hw06 */,
				81D4B58827EC1D2B00E6C87F /* Products */,
			);
			sourceTree = "<group>";
		};
		81D4B58827EC1D2B00E6C87F /* Products */ = {
			isa = PBXGroup;
			children = (
				81D4B58727EC1D2B00E6C87F /* hw06 */,
			);
			name = Products;
			sourceTree = "<group>";
		};
		81D4B58927EC1D2B00E6C87F /* hw06 */ = {
			isa = PBXGroup;
			children = (
				81D4B59127EC1D8B00E6C87F /* hw06_single.cpp */,
				81D4B58A27EC1D2B00E6C87F /* hw06.cpp */,
				81D4B59627EC1DF200E6C87F /* Warrior.cpp */,
				81D4B59727EC1DF200E6C87F /* Warrior.h */,
				81D4B59327EC1DD300E6C87F /* Noble.cpp */,
				81D4B59427EC1DD300E6C87F /* Noble.h */,
				81D4B59927EC20BF00E6C87F /* output.txt */,
			);
			path = hw06;
			sourceTree = "<group>";
		};
/* End PBXGroup section */

/* Begin PBXNativeTarget section */
		81D4B58627EC1D2B00E6C87F /* hw06 */ = {
			isa = PBXNativeTarget;
			buildConfigurationList = 81D4B58E27EC1D2B00E6C87F /* Build configuration list for PBXNativeTarget "hw06" */;
			buildPhases = (
				81D4B58327EC1D2B00E6C87F /* Sources */,
				81D4B58427EC1D2B00E6C87F /* Frameworks */,
				81D4B58527EC1D2B00E6C87F /* CopyFiles */,
			);
			buildRules = (
			);
			dependencies = (
			);
			name = hw06;
			productName = hw06;
			productReference = 81D4B58727EC1D2B00E6C87F /* hw06 */;
			productType = "com.apple.product-type.tool";
		};
/* End PBXNativeTarget section */

/* Begin PBXProject section */
		81D4B57F27EC1D2B00E6C87F /* Project object */ = {
			isa = PBXProject;
			attributes = {
				BuildIndependentTargetsInParallel = 1;
				LastUpgradeCheck = 1320;
				TargetAttributes = {
					81D4B58627EC1D2B00E6C87F = {
						CreatedOnToolsVersion = 13.2.1;
					};
				};
			};
			buildConfigurationList = 81D4B58227EC1D2B00E6C87F /* Build configuration list for PBXProject "hw06" */;
			compatibilityVersion = "Xcode 13.0";
			developmentRegion = en;
			hasScannedForEncodings = 0;
			knownRegions = (
				en,
				Base,
			);
			mainGroup = 81D4B57E27EC1D2B00E6C87F;
			productRefGroup = 81D4B58827EC1D2B00E6C87F /* Products */;
			projectDirPath = "";
			projectRoot = "";
			targets = (
				81D4B58627EC1D2B00E6C87F /* hw06 */,
			);
		};
/* End PBXProject section */

/* Begin PBXSourcesBuildPhase section */
		81D4B58327EC1D2B00E6C87F /* Sources */ = {
			isa = PBXSourcesBuildPhase;
			buildActionMask = 2147483647;
			files = (
				81D4B59227EC1D8B00E6C87F /* hw06_single.cpp in Sources */,
				81D4B59527EC1DD300E6C87F /* Noble.cpp in Sources */,
				81D4B59827EC1DF200E6C87F /* Warrior.cpp in Sources */,
				81D4B58B27EC1D2B00E6C87F /* hw06.cpp in Sources */,
			);
			runOnlyForDeploymentPostprocessing = 0;
		};
/* End PBXSourcesBuildPhase section */

/* Begin XCBuildConfiguration section */
		81D4B58C27EC1D2B00E6C87F /* Debug */ = {
			isa = XCBuildConfiguration;
			buildSettings = {
				ALWAYS_SEARCH_USER_PATHS = NO;
				CLANG_ANALYZER_NONNULL = YES;
				CLANG_ANALYZER_NUMBER_OBJECT_CONVERSION = YES_AGGRESSIVE;
				CLANG_CXX_LANGUAGE_STANDARD = "gnu++17";
				CLANG_CXX_LIBRARY = "libc++";
				CLANG_ENABLE_MODULES = YES;
				CLANG_ENABLE_OBJC_ARC = YES;
				CLANG_ENABLE_OBJC_WEAK = YES;
				CLANG_WARN_BLOCK_CAPTURE_AUTORELEASING = YES;
				CLANG_WARN_BOOL_CONVERSION = YES;
				CLANG_WARN_COMMA = YES;
				CLANG_WARN_CONSTANT_CONVERSION = YES;
				CLANG_WARN_DEPRECATED_OBJC_IMPLEMENTATIONS = YES;
				CLANG_WARN_DIRECT_OBJC_ISA_USAGE = YES_ERROR;
				CLANG_WARN_DOCUMENTATION_COMMENTS = YES;
				CLANG_WARN_EMPTY_BODY = YES;
				CLANG_WARN_ENUM_CONVERSION = YES;
				CLANG_WARN_INFINITE_RECURSION = YES;
				CLANG_WARN_INT_CONVERSION = YES;
				CLANG_WARN_NON_LITERAL_NULL_CONVERSION = YES;
				CLANG_WARN_OBJC_IMPLICIT_RETAIN_SELF = YES;
				CLANG_WARN_OBJC_LITERAL_CONVERSION = YES;
				CLANG_WARN_OBJC_ROOT_CLASS = YES_ERROR;
				CLANG_WARN_QUOTED_INCLUDE_IN_FRAMEWORK_HEADER = YES;
				CLANG_WARN_RANGE_LOOP_ANALYSIS = YES;
				CLANG_WARN_STRICT_PROTOTYPES = YES;
				CLANG_WARN_SUSPICIOUS_MOVE = YES;
				CLANG_WARN_UNGUARDED_AVAILABILITY = YES_AGGRESSIVE;
				CLANG_WARN_UNREACHABLE_CODE = YES;
				CLANG_WARN__DUPLICATE_METHOD_MATCH = YES;
				COPY_PHASE_STRIP = NO;
				DEBUG_INFORMATION_FORMAT = dwarf;
				ENABLE_STRICT_OBJC_MSGSEND = YES;
				ENABLE_TESTABILITY = YES;
				GCC_C_LANGUAGE_STANDARD = gnu11;
				GCC_DYNAMIC_NO_PIC = NO;
				GCC_NO_COMMON_BLOCKS = YES;
				GCC_OPTIMIZATION_LEVEL = 0;
				GCC_PREPROCESSOR_DEFINITIONS = (
					"DEBUG=1",
					"$(inherited)",
				);
				GCC_WARN_64_TO_32_BIT_CONVERSION = YES;
				GCC_WARN_ABOUT_RETURN_TYPE = YES_ERROR;
				GCC_WARN_UNDECLARED_SELECTOR = YES;
				GCC_WARN_UNINITIALIZED_AUTOS = YES_AGGRESSIVE;
				GCC_WARN_UNUSED_FUNCTION = YES;
				GCC_WARN_UNUSED_VARIABLE = YES;
				MACOSX_DEPLOYMENT_TARGET = 11.6;
				MTL_ENABLE_DEBUG_INFO = INCLUDE_SOURCE;
				MTL_FAST_MATH = YES;
				ONLY_ACTIVE_ARCH = YES;
				SDKROOT = macosx;
			};
			name = Debug;
		};
		81D4B58D27EC1D2B00E6C87F /* Release */ = {
			isa = XCBuildConfiguration;
			buildSettings = {
				ALWAYS_SEARCH_USER_PATHS = NO;
				CLANG_ANALYZER_NONNULL = YES;
				CLANG_ANALYZER_NUMBER_OBJECT_CONVERSION = YES_AGGRESSIVE;
				CLANG_CXX_LANGUAGE_STANDARD = "gnu++17";
				CLANG_CXX_LIBRARY = "libc++";
				CLANG_ENABLE_MODULES = YES;
				CLANG_ENABLE_OBJC_ARC = YES;
				CLANG_ENABLE_OBJC_WEAK = YES;
				CLANG_WARN_BLOCK_CAPTURE_AUTORELEASING = YES;
				CLANG_WARN_BOOL_CONVERSION = YES;
				CLANG_WARN_COMMA = YES;
				CLANG_WARN_CONSTANT_CONVERSION = YES;
				CLANG_WARN_DEPRECATED_OBJC_IMPLEMENTATIONS = YES;
				CLANG_WARN_DIRECT_OBJC_ISA_USAGE = YES_ERROR;
				CLANG_WARN_DOCUMENTATION_COMMENTS = YES;
				CLANG_WARN_EMPTY_BODY = YES;
				CLANG_WARN_ENUM_CONVERSION = YES;
				CLANG_WARN_INFINITE_RECURSION = YES;
				CLANG_WARN_INT_CONVERSION = YES;
				CLANG_WARN_NON_LITERAL_NULL_CONVERSION = YES;
				CLANG_WARN_OBJC_IMPLICIT_RETAIN_SELF = YES;
				CLANG_WARN_OBJC_LITERAL_CONVERSION = YES;
				CLANG_WARN_OBJC_ROOT_CLASS = YES_ERROR;
				CLANG_WARN_QUOTED_INCLUDE_IN_FRAMEWORK_HEADER = YES;
				CLANG_WARN_RANGE_LOOP_ANALYSIS = YES;
				CLANG_WARN_STRICT_PROTOTYPES = YES;
				CLANG_WARN_SUSPICIOUS_MOVE = YES;
				CLANG_WARN_UNGUARDED_AVAILABILITY = YES_AGGRESSIVE;
				CLANG_WARN_UNREACHABLE_CODE = YES;
				CLANG_WARN__DUPLICATE_METHOD_MATCH = YES;
				COPY_PHASE_STRIP = NO;
				DEBUG_INFORMATION_FORMAT = "dwarf-with-dsym";
				ENABLE_NS_ASSERTIONS = NO;
				ENABLE_STRICT_OBJC_MSGSEND = YES;
				GCC_C_LANGUAGE_STANDARD = gnu11;
				GCC_NO_COMMON_BLOCKS = YES;
				GCC_WARN_64_TO_32_BIT_CONVERSION = YES;
				GCC_WARN_ABOUT_RETURN_TYPE = YES_ERROR;
				GCC_WARN_UNDECLARED_SELECTOR = YES;
				GCC_WARN_UNINITIALIZED_AUTOS = YES_AGGRESSIVE;
				GCC_WARN_UNUSED_FUNCTION = YES;
				GCC_WARN_UNUSED_VARIABLE = YES;
				MACOSX_DEPLOYMENT_TARGET = 11.6;
				MTL_ENABLE_DEBUG_INFO = NO;
				MTL_FAST_MATH = YES;
				SDKROOT = macosx;
			};
			name = Release;
		};
		81D4B58F27EC1D2B00E6C87F /* Debug */ = {
			isa = XCBuildConfiguration;
			buildSettings = {
				CODE_SIGN_STYLE = Automatic;
				PRODUCT_NAME = "$(TARGET_NAME)";
			};
			name = Debug;
		};
		81D4B59027EC1D2B00E6C87F /* Release */ = {
			isa = XCBuildConfiguration;
			buildSettings = {
				CODE_SIGN_STYLE = Automatic;
				PRODUCT_NAME = "$(TARGET_NAME)";
			};
			name = Release;
		};
/* End XCBuildConfiguration section */

/* Begin XCConfigurationList section */
		81D4B58227EC1D2B00E6C87F /* Build configuration list for PBXProject "hw06" */ = {
			isa = XCConfigurationList;
			buildConfigurations = (
				81D4B58C27EC1D2B00E6C87F /* Debug */,
				81D4B58D27EC1D2B00E6C87F /* Release */,
			);
			defaultConfigurationIsVisible = 0;
			defaultConfigurationName = Release;
		};
		81D4B58E27EC1D2B00E6C87F /* Build configuration list for PBXNativeTarget "hw06" */ = {
			isa = XCConfigurationList;
			buildConfigurations = (
				81D4B58F27EC1D2B00E6C87F /* Debug */,
				81D4B59027EC1D2B00E6C87F /* Release */,
			);
			defaultConfigurationIsVisible = 0;
			defaultConfigurationName = Release;
		};
/* End XCConfigurationList section */
	};
	rootObject = 81D4B57F27EC1D2B00E6C87F /* Project object */;
}
